
Microsoft Visual Studio Solution File, Format Version 12.00
# Visual Studio Version 16
VisualStudioVersion = 16.0.29424.173
MinimumVisualStudioVersion = 10.0.40219.1
Project("{FAE04EC0-301F-11D3-BF4B-00C04F79EFBC}") = "Business", "Business\Business.csproj", "{194A21EC-1BAD-46B2-A1B0-98093E1F8368}"
EndProject
Project("{FAE04EC0-301F-11D3-BF4B-00C04F79EFBC}") = "Core", "Core\Core.csproj", "{C76294A6-66CA-4CCC-9A31-E14C332B6E3C}"
EndProject
Project("{FAE04EC0-301F-11D3-BF4B-00C04F79EFBC}") = "ConsoleAPI", "ConsoleAPI\ConsoleAPI.csproj", "{28BC642E-978D-4B6D-88A0-99AA9E84DE8D}"
EndProject
Global
	GlobalSection(SolutionConfigurationPlatforms) = preSolution
		Debug|Any CPU = Debug|Any CPU
		Release|Any CPU = Release|Any CPU
	EndGlobalSection
	GlobalSection(ProjectConfigurationPlatforms) = postSolution
		{194A21EC-1BAD-46B2-A1B0-98093E1F8368}.Debug|Any CPU.ActiveCfg = Debug|Any CPU
		{194A21EC-1BAD-46B2-A1B0-98093E1F8368}.Debug|Any CPU.Build.0 = Debug|Any CPU
		{194A21EC-1BAD-46B2-A1B0-98093E1F8368}.Release|Any CPU.ActiveCfg = Release|Any CPU
		{194A21EC-1BAD-46B2-A1B0-98093E1F8368}.Release|Any CPU.Build.0 = Release|Any CPU
		{C76294A6-66CA-4CCC-9A31-E14C332B6E3C}.Debug|Any CPU.ActiveCfg = Debug|Any CPU
		{C76294A6-66CA-4CCC-9A31-E14C332B6E3C}.Debug|Any CPU.Build.0 = Debug|Any CPU
		{C76294A6-66CA-4CCC-9A31-E14C332B6E3C}.Release|Any CPU.ActiveCfg = Release|Any CPU
		{C76294A6-66CA-4CCC-9A31-E14C332B6E3C}.Release|Any CPU.Build.0 = Release|Any CPU
		{28BC642E-978D-4B6D-88A0-99AA9E84DE8D}.Debug|Any CPU.ActiveCfg = Debug|Any CPU
		{28BC642E-978D-4B6D-88A0-99AA9E84DE8D}.Debug|Any CPU.Build.0 = Debug|Any CPU
		{28BC642E-978D-4B6D-88A0-99AA9E84DE8D}.Release|Any CPU.ActiveCfg = Release|Any CPU
		{28BC642E-978D-4B6D-88A0-99AA9E84DE8D}.Release|Any CPU.Build.0 = Release|Any CPU
	EndGlobalSection
	GlobalSection(SolutionProperties) = preSolution
		HideSolutionNode = FALSE
	EndGlobalSection
	GlobalSection(ExtensibilityGlobals) = postSolution
		SolutionGuid = {57BD9FF0-BF86-4CD5-88A6-9BF5BEF43DE5}
	EndGlobalSection
EndGlobal
